<?xml version="1.0" encoding="utf-8"?>
<Project ToolsVersion="4.0" xmlns="http://schemas.microsoft.com/developer/msbuild/2003">
  <ItemGroup>
    <ClCompile Include="$(MSBuildThisFileDirectory)Demon_Application.cpp" />
    <ClCompile Include="$(MSBuildThisFileDirectory)Demon_Input.cpp" />
    <ClCompile Include="$(MSBuildThisFileDirectory)Demon_Time.cpp" />
    <ClCompile Include="$(MSBuildThisFileDirectory)Demon_Entity.cpp">
      <Filter>Common</Filter>
    </ClCompile>
    <ClCompile Include="$(MSBuildThisFileDirectory)Demon_Component.cpp">
      <Filter>Component</Filter>
    </ClCompile>
    <ClCompile Include="$(MSBuildThisFileDirectory)Demon_GameObject.cpp">
      <Filter>GameObject</Filter>
    </ClCompile>
    <ClCompile Include="$(MSBuildThisFileDirectory)Demon_SceneManager.cpp">
      <Filter>Scene</Filter>
    </ClCompile>
    <ClCompile Include="$(MSBuildThisFileDirectory)Demon_Scene.cpp">
      <Filter>Scene</Filter>
    </ClCompile>
    <ClCompile Include="$(MSBuildThisFileDirectory)Demon_SpriteRenderer.cpp" />
    <ClCompile Include="$(MSBuildThisFileDirectory)Demon_Transform.cpp" />
    <ClCompile Include="$(MSBuildThisFileDirectory)Demon_Resources.cpp" />
    <ClCompile Include="$(MSBuildThisFileDirectory)Demon_Resource.cpp" />
    <ClCompile Include="$(MSBuildThisFileDirectory)Demon_Layer.cpp">
      <Filter>Layer</Filter>
    </ClCompile>
    <ClCompile Include="$(MSBuildThisFileDirectory)Demon_Math.cpp">
      <Filter>Common</Filter>
    </ClCompile>
  </ItemGroup>
  <ItemGroup>
    <ClInclude Include="$(MSBuildThisFileDirectory)Demon_Application.h" />
    <ClInclude Include="$(MSBuildThisFileDirectory)Demon_Input.h" />
    <ClInclude Include="$(MSBuildThisFileDirectory)Demon_Time.h" />
    <ClInclude Include="$(MSBuildThisFileDirectory)CommonInclude.h">
      <Filter>Common</Filter>
    </ClInclude>
    <ClInclude Include="$(MSBuildThisFileDirectory)Demon_Entity.h">
      <Filter>Common</Filter>
    </ClInclude>
    <ClInclude Include="$(MSBuildThisFileDirectory)Demon_Component.h">
      <Filter>Component</Filter>
    </ClInclude>
    <ClInclude Include="$(MSBuildThisFileDirectory)Demon_GameObject.h">
      <Filter>GameObject</Filter>
    </ClInclude>
    <ClInclude Include="$(MSBuildThisFileDirectory)Demon_SceneManager.h">
      <Filter>Scene</Filter>
    </ClInclude>
    <ClInclude Include="$(MSBuildThisFileDirectory)Demon_Scene.h">
      <Filter>Scene</Filter>
    </ClInclude>
    <ClInclude Include="$(MSBuildThisFileDirectory)Demon_SpriteRenderer.h" />
    <ClInclude Include="$(MSBuildThisFileDirectory)Demon_Transform.h" />
    <ClInclude Include="$(MSBuildThisFileDirectory)Demon_Resources.h" />
    <ClInclude Include="$(MSBuildThisFileDirectory)Demon_Resource.h" />
    <ClInclude Include="$(MSBuildThisFileDirectory)Demon_Layer.h">
      <Filter>Layer</Filter>
    </ClInclude>
    <ClInclude Include="$(MSBuildThisFileDirectory)Demon_Math.h">
      <Filter>Common</Filter>
    </ClInclude>
    <ClInclude Include="$(MSBuildThisFileDirectory)Demon_Enums.h">
      <Filter>Common</Filter>
    </ClInclude>
    <ClInclude Include="$(MSBuildThisFileDirectory)Demon_Object.h">
      <Filter>Common</Filter>
    </ClInclude>
  </ItemGroup>
  <ItemGroup>
    <Filter Include="Common">
      <UniqueIdentifier>{2393e956-6970-40da-9339-d0622d05efb3}</UniqueIdentifier>
    </Filter>
    <Filter Include="Component">
      <UniqueIdentifier>{40e2cedb-baa1-4374-b443-2801e4129d93}</UniqueIdentifier>
    </Filter>
    <Filter Include="GameObject">
      <UniqueIdentifier>{e725fd4d-d623-454f-9142-09d8ebd9f445}</UniqueIdentifier>
    </Filter>
    <Filter Include="Scene">
      <UniqueIdentifier>{98103898-9fe3-4925-a748-367fbdf4b905}</UniqueIdentifier>
    </Filter>
    <Filter Include="Layer">
      <UniqueIdentifier>{64c70cd0-9e34-4c81-88bd-bd8b1acb66fc}</UniqueIdentifier>
    </Filter>
  </ItemGroup>
</Project>